
Microsoft Visual Studio Solution File, Format Version 12.00
# Visual Studio 2012
Project("{FAE04EC0-301F-11D3-BF4B-00C04F79EFBC}") = "WindowsSDK", "WindowsSDK\WindowsSDK.csproj", "{B1ED1784-7A11-4A35-8A75-208679BF149A}"
EndProject
Project("{FAE04EC0-301F-11D3-BF4B-00C04F79EFBC}") = "WindowsSDKTest", "WindowsSDKTest\WindowsSDKTest.csproj", "{910829E5-6E86-4E52-9F0A-A937AF9DDAEF}"
EndProject
Global
	GlobalSection(SolutionConfigurationPlatforms) = preSolution
		Debug|Any CPU = Debug|Any CPU
		Release|Any CPU = Release|Any CPU
	EndGlobalSection
	GlobalSection(ProjectConfigurationPlatforms) = postSolution
		{B1ED1784-7A11-4A35-8A75-208679BF149A}.Debug|Any CPU.ActiveCfg = Debug|Any CPU
		{B1ED1784-7A11-4A35-8A75-208679BF149A}.Debug|Any CPU.Build.0 = Debug|Any CPU
		{B1ED1784-7A11-4A35-8A75-208679BF149A}.Release|Any CPU.ActiveCfg = Release|Any CPU
		{B1ED1784-7A11-4A35-8A75-208679BF149A}.Release|Any CPU.Build.0 = Release|Any CPU
		{910829E5-6E86-4E52-9F0A-A937AF9DDAEF}.Debug|Any CPU.ActiveCfg = Debug|Any CPU
		{910829E5-6E86-4E52-9F0A-A937AF9DDAEF}.Debug|Any CPU.Build.0 = Debug|Any CPU
		{910829E5-6E86-4E52-9F0A-A937AF9DDAEF}.Release|Any CPU.ActiveCfg = Release|Any CPU
		{910829E5-6E86-4E52-9F0A-A937AF9DDAEF}.Release|Any CPU.Build.0 = Release|Any CPU
	EndGlobalSection
	GlobalSection(SolutionProperties) = preSolution
		HideSolutionNode = FALSE
	EndGlobalSection
EndGlobal
